<?xml version="1.0" encoding="utf-8"?>
<Project ToolsVersion="17.0" xmlns="http://schemas.microsoft.com/developer/msbuild/2003">
  <ItemGroup>
    <ClCompile Include="D:\QTALLPROJECTS\ForceMindMap\ForceMindMap_autogen\mocs_compilation_Debug.cpp">
      <Filter>Source Files</Filter>
    </ClCompile>
    <ClCompile Include="D:\QTALLPROJECTS\ForceMindMap\main.cpp">
      <Filter>Source Files</Filter>
    </ClCompile>
    <ClCompile Include="D:\QTALLPROJECTS\ForceMindMap\src\MainWindow.cpp">
      <Filter>Source Files</Filter>
    </ClCompile>
    <ClCompile Include="D:\QTALLPROJECTS\ForceMindMap\src\WebNodeManager.cpp">
      <Filter>Source Files</Filter>
    </ClCompile>
    <ClCompile Include="D:\QTALLPROJECTS\ForceMindMap\.qt\rcc\qrc_resources.cpp">
      <Filter>Source Files\Generated</Filter>
    </ClCompile>
    <ClCompile Include="D:\QTALLPROJECTS\ForceMindMap\ForceMindMap_autogen\mocs_compilation_Release.cpp">
      <Filter>Source Files</Filter>
    </ClCompile>
    <ClCompile Include="D:\QTALLPROJECTS\ForceMindMap\ForceMindMap_autogen\mocs_compilation_MinSizeRel.cpp">
      <Filter>Source Files</Filter>
    </ClCompile>
    <ClCompile Include="D:\QTALLPROJECTS\ForceMindMap\ForceMindMap_autogen\mocs_compilation_RelWithDebInfo.cpp">
      <Filter>Source Files</Filter>
    </ClCompile>
  </ItemGroup>
  <ItemGroup>
    <ClInclude Include="D:\QTALLPROJECTS\ForceMindMap\include\WebNodeManager.h">
      <Filter>Header Files</Filter>
    </ClInclude>
    <ClInclude Include="D:\QTALLPROJECTS\ForceMindMap\include\MainWindow.h">
      <Filter>Header Files</Filter>
    </ClInclude>
    <ClInclude Include="D:\QTALLPROJECTS\ForceMindMap\.qt\rcc\resources.qrc">
      <Filter>Source Files\Generated</Filter>
    </ClInclude>
    <ClInclude Include="D:\QTALLPROJECTS\ForceMindMap\resources\index.html" />
    <ClInclude Include="D:\QTALLPROJECTS\ForceMindMap\resources\d3.v7.min.js">
      <Filter>Source Files</Filter>
    </ClInclude>
    <ClInclude Include="D:\QTALLPROJECTS\ForceMindMap\resources\mindmap.js">
      <Filter>Source Files</Filter>
    </ClInclude>
  </ItemGroup>
  <ItemGroup>
    <CustomBuild Include="D:\QTALLPROJECTS\ForceMindMap\CMakeFiles\97681558082638f73076af93fd5a4bd7\qrc_resources.cpp.rule">
      <Filter>CMake Rules</Filter>
    </CustomBuild>
    <CustomBuild Include="D:\QTALLPROJECTS\ForceMindMap\CMakeLists.txt" />
  </ItemGroup>
  <ItemGroup>
    <Filter Include="CMake Rules">
      <UniqueIdentifier>{7F3EDCA1-F40E-3557-85B3-D6BAF7C5516C}</UniqueIdentifier>
    </Filter>
    <Filter Include="Header Files">
      <UniqueIdentifier>{5B1DE5C6-601C-3229-B7EC-355C493BCAF6}</UniqueIdentifier>
    </Filter>
    <Filter Include="Source Files">
      <UniqueIdentifier>{3AB44D59-8F09-3B17-B26E-86E983CC6164}</UniqueIdentifier>
    </Filter>
    <Filter Include="Source Files\Generated">
      <UniqueIdentifier>{F2F05872-2C80-389B-816A-C4F437F5A0F6}</UniqueIdentifier>
    </Filter>
  </ItemGroup>
</Project>
