<?xml version="1.0" encoding="utf-8"?>
<Project ToolsVersion="17.0" xmlns="http://schemas.microsoft.com/developer/msbuild/2003">
  <ItemGroup>
    <CustomBuild Include="D:\MindMap\MindMap\BackEnd\ForceMindMap\new_build\CMakeFiles\e18362bdab6cd724714aa90bc98be71c\ForceMindMap_build.cmake.rule">
      <Filter>CMake Rules</Filter>
    </CustomBuild>
    <CustomBuild Include="D:\MindMap\MindMap\BackEnd\ForceMindMap\new_build\CMakeFiles\5225a79c7ef3bbb7e5379160380da447\ForceMindMap_qmlimportscan.rule">
      <Filter>CMake Rules</Filter>
    </CustomBuild>
    <CustomBuild Include="D:\MindMap\MindMap\BackEnd\ForceMindMap\CMakeLists.txt" />
  </ItemGroup>
  <ItemGroup>
    <None Include="D:\MindMap\MindMap\BackEnd\ForceMindMap\new_build\CMakeFiles\ForceMindMap_qmlimportscan" />
  </ItemGroup>
  <ItemGroup>
    <Filter Include="CMake Rules">
      <UniqueIdentifier>{047E0F2E-7EBE-3079-9A2A-23465EEB8CC2}</UniqueIdentifier>
    </Filter>
  </ItemGroup>
</Project>
