<?xml version="1.0" encoding="utf-8"?>
<Project ToolsVersion="17.0" xmlns="http://schemas.microsoft.com/developer/msbuild/2003">
  <ItemGroup>
    <ClCompile Include="D:\MindMap\MindMap\BackEnd\ForceMindMap\local_build\ForceMindMap_autogen\mocs_compilation_Debug.cpp">
      <Filter>Source Files</Filter>
    </ClCompile>
    <ClCompile Include="D:\MindMap\MindMap\BackEnd\ForceMindMap\main.cpp">
      <Filter>Source Files</Filter>
    </ClCompile>
    <ClCompile Include="D:\MindMap\MindMap\BackEnd\ForceMindMap\src\MainWindow.cpp">
      <Filter>Source Files</Filter>
    </ClCompile>
    <ClCompile Include="D:\MindMap\MindMap\BackEnd\ForceMindMap\src\WebNodeManager.cpp">
      <Filter>Source Files</Filter>
    </ClCompile>
    <ClCompile Include="D:\MindMap\MindMap\BackEnd\ForceMindMap\src\AppConfig.cpp">
      <Filter>Source Files</Filter>
    </ClCompile>
    <ClCompile Include="D:\MindMap\MindMap\BackEnd\ForceMindMap\local_build\.qt\rcc\qrc_resources.cpp">
      <Filter>Source Files\Generated</Filter>
    </ClCompile>
    <ClCompile Include="D:\MindMap\MindMap\BackEnd\ForceMindMap\local_build\ForceMindMap_autogen\mocs_compilation_Release.cpp">
      <Filter>Source Files</Filter>
    </ClCompile>
    <ClCompile Include="D:\MindMap\MindMap\BackEnd\ForceMindMap\local_build\ForceMindMap_autogen\mocs_compilation_MinSizeRel.cpp">
      <Filter>Source Files</Filter>
    </ClCompile>
    <ClCompile Include="D:\MindMap\MindMap\BackEnd\ForceMindMap\local_build\ForceMindMap_autogen\mocs_compilation_RelWithDebInfo.cpp">
      <Filter>Source Files</Filter>
    </ClCompile>
  </ItemGroup>
  <ItemGroup>
    <ClInclude Include="D:\MindMap\MindMap\BackEnd\ForceMindMap\include\WebNodeManager.h">
      <Filter>Header Files</Filter>
    </ClInclude>
    <ClInclude Include="D:\MindMap\MindMap\BackEnd\ForceMindMap\include\MainWindow.h">
      <Filter>Header Files</Filter>
    </ClInclude>
    <ClInclude Include="D:\MindMap\MindMap\BackEnd\ForceMindMap\include\AppConfig.h">
      <Filter>Header Files</Filter>
    </ClInclude>
    <ClInclude Include="D:\MindMap\MindMap\BackEnd\ForceMindMap\local_build\.qt\rcc\resources.qrc">
      <Filter>Source Files\Generated</Filter>
    </ClInclude>
    <ClInclude Include="D:\MindMap\MindMap\BackEnd\ForceMindMap\resources\index.html" />
    <ClInclude Include="D:\MindMap\MindMap\BackEnd\ForceMindMap\resources\favicon.ico" />
    <ClInclude Include="D:\MindMap\MindMap\BackEnd\ForceMindMap\resources\d3.v7.min.js">
      <Filter>Source Files</Filter>
    </ClInclude>
    <ClInclude Include="D:\MindMap\MindMap\BackEnd\ForceMindMap\resources\mindmap.js">
      <Filter>Source Files</Filter>
    </ClInclude>
  </ItemGroup>
  <ItemGroup>
    <CustomBuild Include="D:\MindMap\MindMap\BackEnd\ForceMindMap\local_build\CMakeFiles\d3408f558c7f81cedf96787dd45c21d3\qrc_resources.cpp.rule">
      <Filter>CMake Rules</Filter>
    </CustomBuild>
    <CustomBuild Include="D:\MindMap\MindMap\BackEnd\ForceMindMap\CMakeLists.txt" />
  </ItemGroup>
  <ItemGroup>
    <Filter Include="CMake Rules">
      <UniqueIdentifier>{C8698E3C-BB1D-310F-BC52-E0B4785F7EAF}</UniqueIdentifier>
    </Filter>
    <Filter Include="Header Files">
      <UniqueIdentifier>{59FD6A99-DF7B-3C3F-AF39-1EAE053E6AEF}</UniqueIdentifier>
    </Filter>
    <Filter Include="Source Files">
      <UniqueIdentifier>{B2A898A8-7EB3-38DD-AE74-7863491DF938}</UniqueIdentifier>
    </Filter>
    <Filter Include="Source Files\Generated">
      <UniqueIdentifier>{B926658F-0119-300C-A160-73F964A80304}</UniqueIdentifier>
    </Filter>
  </ItemGroup>
</Project>
