
Microsoft Visual Studio Solution File, Format Version 12.00
# Visual Studio Version 17
Project("{2150E333-8FDC-42A3-9474-1A3956D46DE8}") = "CMakePredefinedTargets", "CMakePredefinedTargets", "{D9719975-B0CB-3FFA-80B6-325BD01AA3CD}"
EndProject
Project("{8BC9CEB8-8B4A-11D0-8D11-00A0C91BC942}") = "ALL_BUILD", "ALL_BUILD.vcxproj", "{74BA57AC-41D5-39FF-B715-AA2E91CB9BD6}"
	ProjectSection(ProjectDependencies) = postProject
		{F8839037-5911-3EA5-9E66-1315FF58F415} = {F8839037-5911-3EA5-9E66-1315FF58F415}
		{AC104554-D855-3940-8B65-07B866FDC587} = {AC104554-D855-3940-8B65-07B866FDC587}
	EndProjectSection
EndProject
Project("{8BC9CEB8-8B4A-11D0-8D11-00A0C91BC942}") = "ForceMindMap", "ForceMindMap.vcxproj", "{F8839037-5911-3EA5-9E66-1315FF58F415}"
	ProjectSection(ProjectDependencies) = postProject
		{C0DD0428-65D8-3230-8F97-9B8DF4BEBFCC} = {C0DD0428-65D8-3230-8F97-9B8DF4BEBFCC}
		{AC104554-D855-3940-8B65-07B866FDC587} = {AC104554-D855-3940-8B65-07B866FDC587}
	EndProjectSection
EndProject
Project("{8BC9CEB8-8B4A-11D0-8D11-00A0C91BC942}") = "ForceMindMap_qmlimportscan", "ForceMindMap_qmlimportscan.vcxproj", "{C0DD0428-65D8-3230-8F97-9B8DF4BEBFCC}"
	ProjectSection(ProjectDependencies) = postProject
		{AC104554-D855-3940-8B65-07B866FDC587} = {AC104554-D855-3940-8B65-07B866FDC587}
	EndProjectSection
EndProject
Project("{8BC9CEB8-8B4A-11D0-8D11-00A0C91BC942}") = "ZERO_CHECK", "ZERO_CHECK.vcxproj", "{AC104554-D855-3940-8B65-07B866FDC587}"
	ProjectSection(ProjectDependencies) = postProject
	EndProjectSection
EndProject
Global
	GlobalSection(SolutionConfigurationPlatforms) = preSolution
		Debug|x64 = Debug|x64
		Release|x64 = Release|x64
		MinSizeRel|x64 = MinSizeRel|x64
		RelWithDebInfo|x64 = RelWithDebInfo|x64
	EndGlobalSection
	GlobalSection(ProjectConfigurationPlatforms) = postSolution
		{74BA57AC-41D5-39FF-B715-AA2E91CB9BD6}.Debug|x64.ActiveCfg = Debug|x64
		{74BA57AC-41D5-39FF-B715-AA2E91CB9BD6}.Release|x64.ActiveCfg = Release|x64
		{74BA57AC-41D5-39FF-B715-AA2E91CB9BD6}.MinSizeRel|x64.ActiveCfg = MinSizeRel|x64
		{74BA57AC-41D5-39FF-B715-AA2E91CB9BD6}.RelWithDebInfo|x64.ActiveCfg = RelWithDebInfo|x64
		{F8839037-5911-3EA5-9E66-1315FF58F415}.Debug|x64.ActiveCfg = Debug|x64
		{F8839037-5911-3EA5-9E66-1315FF58F415}.Debug|x64.Build.0 = Debug|x64
		{F8839037-5911-3EA5-9E66-1315FF58F415}.Release|x64.ActiveCfg = Release|x64
		{F8839037-5911-3EA5-9E66-1315FF58F415}.Release|x64.Build.0 = Release|x64
		{F8839037-5911-3EA5-9E66-1315FF58F415}.MinSizeRel|x64.ActiveCfg = MinSizeRel|x64
		{F8839037-5911-3EA5-9E66-1315FF58F415}.MinSizeRel|x64.Build.0 = MinSizeRel|x64
		{F8839037-5911-3EA5-9E66-1315FF58F415}.RelWithDebInfo|x64.ActiveCfg = RelWithDebInfo|x64
		{F8839037-5911-3EA5-9E66-1315FF58F415}.RelWithDebInfo|x64.Build.0 = RelWithDebInfo|x64
		{C0DD0428-65D8-3230-8F97-9B8DF4BEBFCC}.Debug|x64.ActiveCfg = Debug|x64
		{C0DD0428-65D8-3230-8F97-9B8DF4BEBFCC}.Debug|x64.Build.0 = Debug|x64
		{C0DD0428-65D8-3230-8F97-9B8DF4BEBFCC}.Release|x64.ActiveCfg = Release|x64
		{C0DD0428-65D8-3230-8F97-9B8DF4BEBFCC}.Release|x64.Build.0 = Release|x64
		{C0DD0428-65D8-3230-8F97-9B8DF4BEBFCC}.MinSizeRel|x64.ActiveCfg = MinSizeRel|x64
		{C0DD0428-65D8-3230-8F97-9B8DF4BEBFCC}.MinSizeRel|x64.Build.0 = MinSizeRel|x64
		{C0DD0428-65D8-3230-8F97-9B8DF4BEBFCC}.RelWithDebInfo|x64.ActiveCfg = RelWithDebInfo|x64
		{C0DD0428-65D8-3230-8F97-9B8DF4BEBFCC}.RelWithDebInfo|x64.Build.0 = RelWithDebInfo|x64
		{AC104554-D855-3940-8B65-07B866FDC587}.Debug|x64.ActiveCfg = Debug|x64
		{AC104554-D855-3940-8B65-07B866FDC587}.Debug|x64.Build.0 = Debug|x64
		{AC104554-D855-3940-8B65-07B866FDC587}.Release|x64.ActiveCfg = Release|x64
		{AC104554-D855-3940-8B65-07B866FDC587}.Release|x64.Build.0 = Release|x64
		{AC104554-D855-3940-8B65-07B866FDC587}.MinSizeRel|x64.ActiveCfg = MinSizeRel|x64
		{AC104554-D855-3940-8B65-07B866FDC587}.MinSizeRel|x64.Build.0 = MinSizeRel|x64
		{AC104554-D855-3940-8B65-07B866FDC587}.RelWithDebInfo|x64.ActiveCfg = RelWithDebInfo|x64
		{AC104554-D855-3940-8B65-07B866FDC587}.RelWithDebInfo|x64.Build.0 = RelWithDebInfo|x64
	EndGlobalSection
	GlobalSection(NestedProjects) = preSolution
		{74BA57AC-41D5-39FF-B715-AA2E91CB9BD6} = {D9719975-B0CB-3FFA-80B6-325BD01AA3CD}
		{AC104554-D855-3940-8B65-07B866FDC587} = {D9719975-B0CB-3FFA-80B6-325BD01AA3CD}
	EndGlobalSection
	GlobalSection(ExtensibilityGlobals) = postSolution
		SolutionGuid = {298EDD3C-579B-3C1C-9214-75E2BC3C1A80}
	EndGlobalSection
	GlobalSection(ExtensibilityAddIns) = postSolution
	EndGlobalSection
EndGlobal
